// !$*UTF8*$!
{
	archiveVersion = 1;
	classes = {
	};
	objectVersion = 50;
	objects = {

/* Begin PBXBuildFile section */
		F1A4F95821AF7D590086087B /* AppDelegate.swift in Sources */ = {isa = PBXBuildFile; fileRef = F1A4F95721AF7D590086087B /* AppDelegate.swift */; };
		F1A4F95C21AF7D590086087B /* ViewController.swift in Sources */ = {isa = PBXBuildFile; fileRef = F1A4F95B21AF7D590086087B /* ViewController.swift */; };
		F1A4F95F21AF7D590086087B /* Main.storyboard in Resources */ = {isa = PBXBuildFile; fileRef = F1A4F95D21AF7D590086087B /* Main.storyboard */; };
		F1A4F96421AF7D5A0086087B /* LaunchScreen.storyboard in Resources */ = {isa = PBXBuildFile; fileRef = F1A4F96221AF7D5A0086087B /* LaunchScreen.storyboard */; };
		F1A4F96E21AF810C0086087B /* Models.scnassets in Resources */ = {isa = PBXBuildFile; fileRef = F1A4F96C21AF810C0086087B /* Models.scnassets */; };
		F1A4F96F21AF810C0086087B /* Assets.xcassets in Resources */ = {isa = PBXBuildFile; fileRef = F1A4F96D21AF810C0086087B /* Assets.xcassets */; };
		F1A4F97A21AFD3AB0086087B /* Utilities.swift in Sources */ = {isa = PBXBuildFile; fileRef = F1A4F97921AFD3AB0086087B /* Utilities.swift */; };
		F1A4F97C21AFD5670086087B /* StatusViewController.swift in Sources */ = {isa = PBXBuildFile; fileRef = F1A4F97B21AFD5670086087B /* StatusViewController.swift */; };
		F1A4F97E21AFDE640086087B /* VirtualObjectSelection.swift in Sources */ = {isa = PBXBuildFile; fileRef = F1A4F97D21AFDE640086087B /* VirtualObjectSelection.swift */; };
		F1A4F98021AFE0AA0086087B /* FocusSquare.swift in Sources */ = {isa = PBXBuildFile; fileRef = F1A4F97F21AFE0AA0086087B /* FocusSquare.swift */; };
/* End PBXBuildFile section */

/* Begin PBXFileReference section */
		F1A4F95421AF7D590086087B /* AR3DInteraction.app */ = {isa = PBXFileReference; explicitFileType = wrapper.application; includeInIndex = 0; path = AR3DInteraction.app; sourceTree = BUILT_PRODUCTS_DIR; };
		F1A4F95721AF7D590086087B /* AppDelegate.swift */ = {isa = PBXFileReference; lastKnownFileType = sourcecode.swift; path = AppDelegate.swift; sourceTree = "<group>"; };
		F1A4F95B21AF7D590086087B /* ViewController.swift */ = {isa = PBXFileReference; lastKnownFileType = sourcecode.swift; path = ViewController.swift; sourceTree = "<group>"; };
		F1A4F95E21AF7D590086087B /* Base */ = {isa = PBXFileReference; lastKnownFileType = file.storyboard; name = Base; path = Base.lproj/Main.storyboard; sourceTree = "<group>"; };
		F1A4F96321AF7D5A0086087B /* Base */ = {isa = PBXFileReference; lastKnownFileType = file.storyboard; name = Base; path = Base.lproj/LaunchScreen.storyboard; sourceTree = "<group>"; };
		F1A4F96521AF7D5A0086087B /* Info.plist */ = {isa = PBXFileReference; lastKnownFileType = text.plist.xml; path = Info.plist; sourceTree = "<group>"; };
		F1A4F96C21AF810C0086087B /* Models.scnassets */ = {isa = PBXFileReference; lastKnownFileType = wrapper.scnassets; path = Models.scnassets; sourceTree = "<group>"; };
		F1A4F96D21AF810C0086087B /* Assets.xcassets */ = {isa = PBXFileReference; lastKnownFileType = folder.assetcatalog; path = Assets.xcassets; sourceTree = "<group>"; };
		F1A4F97921AFD3AB0086087B /* Utilities.swift */ = {isa = PBXFileReference; lastKnownFileType = sourcecode.swift; path = Utilities.swift; sourceTree = "<group>"; };
		F1A4F97B21AFD5670086087B /* StatusViewController.swift */ = {isa = PBXFileReference; lastKnownFileType = sourcecode.swift; path = StatusViewController.swift; sourceTree = "<group>"; };
		F1A4F97D21AFDE640086087B /* VirtualObjectSelection.swift */ = {isa = PBXFileReference; lastKnownFileType = sourcecode.swift; path = VirtualObjectSelection.swift; sourceTree = "<group>"; };
		F1A4F97F21AFE0AA0086087B /* FocusSquare.swift */ = {isa = PBXFileReference; lastKnownFileType = sourcecode.swift; path = FocusSquare.swift; sourceTree = "<group>"; };
/* End PBXFileReference section */

/* Begin PBXFrameworksBuildPhase section */
		F1A4F95121AF7D590086087B /* Frameworks */ = {
			isa = PBXFrameworksBuildPhase;
			buildActionMask = 2147483647;
			files = (
			);
			runOnlyForDeploymentPostprocessing = 0;
		};
/* End PBXFrameworksBuildPhase section */

/* Begin PBXGroup section */
		F1A4F94B21AF7D590086087B = {
			isa = PBXGroup;
			children = (
				F1A4F95621AF7D590086087B /* AR3DInteraction */,
				F1A4F95521AF7D590086087B /* Products */,
			);
			sourceTree = "<group>";
		};
		F1A4F95521AF7D590086087B /* Products */ = {
			isa = PBXGroup;
			children = (
				F1A4F95421AF7D590086087B /* AR3DInteraction.app */,
			);
			name = Products;
			sourceTree = "<group>";
		};
		F1A4F95621AF7D590086087B /* AR3DInteraction */ = {
			isa = PBXGroup;
			children = (
				F1A4F97321AF84B30086087B /* Additional ViewControllers */,
				F1A4F97221AF84A40086087B /* Utilities */,
				F1A4F97121AF849C0086087B /* Focus Square */,
				F1A4F97021AF848A0086087B /* Virtual Objects */,
				F1A4F96B21AF80EC0086087B /* Resources */,
				F1A4F95721AF7D590086087B /* AppDelegate.swift */,
				F1A4F95B21AF7D590086087B /* ViewController.swift */,
			);
			path = AR3DInteraction;
			sourceTree = "<group>";
		};
		F1A4F96B21AF80EC0086087B /* Resources */ = {
			isa = PBXGroup;
			children = (
				F1A4F95D21AF7D590086087B /* Main.storyboard */,
				F1A4F96221AF7D5A0086087B /* LaunchScreen.storyboard */,
				F1A4F96521AF7D5A0086087B /* Info.plist */,
				F1A4F96D21AF810C0086087B /* Assets.xcassets */,
				F1A4F96C21AF810C0086087B /* Models.scnassets */,
			);
			path = Resources;
			sourceTree = "<group>";
		};
		F1A4F97021AF848A0086087B /* Virtual Objects */ = {
			isa = PBXGroup;
			children = (
			);
			path = "Virtual Objects";
			sourceTree = "<group>";
		};
		F1A4F97121AF849C0086087B /* Focus Square */ = {
			isa = PBXGroup;
			children = (
				F1A4F97F21AFE0AA0086087B /* FocusSquare.swift */,
			);
			path = "Focus Square";
			sourceTree = "<group>";
		};
		F1A4F97221AF84A40086087B /* Utilities */ = {
			isa = PBXGroup;
			children = (
				F1A4F97921AFD3AB0086087B /* Utilities.swift */,
			);
			path = Utilities;
			sourceTree = "<group>";
		};
		F1A4F97321AF84B30086087B /* Additional ViewControllers */ = {
			isa = PBXGroup;
			children = (
				F1A4F97B21AFD5670086087B /* StatusViewController.swift */,
				F1A4F97D21AFDE640086087B /* VirtualObjectSelection.swift */,
			);
			path = "Additional ViewControllers";
			sourceTree = "<group>";
		};
/* End PBXGroup section */

/* Begin PBXNativeTarget section */
		F1A4F95321AF7D590086087B /* AR3DInteraction */ = {
			isa = PBXNativeTarget;
			buildConfigurationList = F1A4F96821AF7D5A0086087B /* Build configuration list for PBXNativeTarget "AR3DInteraction" */;
			buildPhases = (
				F1A4F95021AF7D590086087B /* Sources */,
				F1A4F95121AF7D590086087B /* Frameworks */,
				F1A4F95221AF7D590086087B /* Resources */,
			);
			buildRules = (
			);
			dependencies = (
			);
			name = AR3DInteraction;
			productName = AR3DInteraction;
			productReference = F1A4F95421AF7D590086087B /* AR3DInteraction.app */;
			productType = "com.apple.product-type.application";
		};
/* End PBXNativeTarget section */

/* Begin PBXProject section */
		F1A4F94C21AF7D590086087B /* Project object */ = {
			isa = PBXProject;
			attributes = {
				LastSwiftUpdateCheck = 1010;
				LastUpgradeCheck = 1010;
				ORGANIZATIONNAME = Altair;
				TargetAttributes = {
					F1A4F95321AF7D590086087B = {
						CreatedOnToolsVersion = 10.1;
					};
				};
			};
			buildConfigurationList = F1A4F94F21AF7D590086087B /* Build configuration list for PBXProject "AR3DInteraction" */;
			compatibilityVersion = "Xcode 9.3";
			developmentRegion = en;
			hasScannedForEncodings = 0;
			knownRegions = (
				en,
				Base,
			);
			mainGroup = F1A4F94B21AF7D590086087B;
			productRefGroup = F1A4F95521AF7D590086087B /* Products */;
			projectDirPath = "";
			projectRoot = "";
			targets = (
				F1A4F95321AF7D590086087B /* AR3DInteraction */,
			);
		};
/* End PBXProject section */

/* Begin PBXResourcesBuildPhase section */
		F1A4F95221AF7D590086087B /* Resources */ = {
			isa = PBXResourcesBuildPhase;
			buildActionMask = 2147483647;
			files = (
				F1A4F96E21AF810C0086087B /* Models.scnassets in Resources */,
				F1A4F96421AF7D5A0086087B /* LaunchScreen.storyboard in Resources */,
				F1A4F96F21AF810C0086087B /* Assets.xcassets in Resources */,
				F1A4F95F21AF7D590086087B /* Main.storyboard in Resources */,
			);
			runOnlyForDeploymentPostprocessing = 0;
		};
/* End PBXResourcesBuildPhase section */

/* Begin PBXSourcesBuildPhase section */
		F1A4F95021AF7D590086087B /* Sources */ = {
			isa = PBXSourcesBuildPhase;
			buildActionMask = 2147483647;
			files = (
				F1A4F97E21AFDE640086087B /* VirtualObjectSelection.swift in Sources */,
				F1A4F98021AFE0AA0086087B /* FocusSquare.swift in Sources */,
				F1A4F97C21AFD5670086087B /* StatusViewController.swift in Sources */,
				F1A4F97A21AFD3AB0086087B /* Utilities.swift in Sources */,
				F1A4F95C21AF7D590086087B /* ViewController.swift in Sources */,
				F1A4F95821AF7D590086087B /* AppDelegate.swift in Sources */,
			);
			runOnlyForDeploymentPostprocessing = 0;
		};
/* End PBXSourcesBuildPhase section */

/* Begin PBXVariantGroup section */
		F1A4F95D21AF7D590086087B /* Main.storyboard */ = {
			isa = PBXVariantGroup;
			children = (
				F1A4F95E21AF7D590086087B /* Base */,
			);
			name = Main.storyboard;
			sourceTree = "<group>";
		};
		F1A4F96221AF7D5A0086087B /* LaunchScreen.storyboard */ = {
			isa = PBXVariantGroup;
			children = (
				F1A4F96321AF7D5A0086087B /* Base */,
			);
			name = LaunchScreen.storyboard;
			sourceTree = "<group>";
		};
/* End PBXVariantGroup section */

/* Begin XCBuildConfiguration section */
		F1A4F96621AF7D5A0086087B /* Debug */ = {
			isa = XCBuildConfiguration;
			buildSettings = {
				ALWAYS_SEARCH_USER_PATHS = NO;
				CLANG_ANALYZER_NONNULL = YES;
				CLANG_ANALYZER_NUMBER_OBJECT_CONVERSION = YES_AGGRESSIVE;
				CLANG_CXX_LANGUAGE_STANDARD = "gnu++14";
				CLANG_CXX_LIBRARY = "libc++";
				CLANG_ENABLE_MODULES = YES;
				CLANG_ENABLE_OBJC_ARC = YES;
				CLANG_ENABLE_OBJC_WEAK = YES;
				CLANG_WARN_BLOCK_CAPTURE_AUTORELEASING = YES;
				CLANG_WARN_BOOL_CONVERSION = YES;
				CLANG_WARN_COMMA = YES;
				CLANG_WARN_CONSTANT_CONVERSION = YES;
				CLANG_WARN_DEPRECATED_OBJC_IMPLEMENTATIONS = YES;
				CLANG_WARN_DIRECT_OBJC_ISA_USAGE = YES_ERROR;
				CLANG_WARN_DOCUMENTATION_COMMENTS = YES;
				CLANG_WARN_EMPTY_BODY = YES;
				CLANG_WARN_ENUM_CONVERSION = YES;
				CLANG_WARN_INFINITE_RECURSION = YES;
				CLANG_WARN_INT_CONVERSION = YES;
				CLANG_WARN_NON_LITERAL_NULL_CONVERSION = YES;
				CLANG_WARN_OBJC_IMPLICIT_RETAIN_SELF = YES;
				CLANG_WARN_OBJC_LITERAL_CONVERSION = YES;
				CLANG_WARN_OBJC_ROOT_CLASS = YES_ERROR;
				CLANG_WARN_RANGE_LOOP_ANALYSIS = YES;
				CLANG_WARN_STRICT_PROTOTYPES = YES;
				CLANG_WARN_SUSPICIOUS_MOVE = YES;
				CLANG_WARN_UNGUARDED_AVAILABILITY = YES_AGGRESSIVE;
				CLANG_WARN_UNREACHABLE_CODE = YES;
				CLANG_WARN__DUPLICATE_METHOD_MATCH = YES;
				CODE_SIGN_IDENTITY = "iPhone Developer";
				COPY_PHASE_STRIP = NO;
				DEBUG_INFORMATION_FORMAT = dwarf;
				ENABLE_STRICT_OBJC_MSGSEND = YES;
				ENABLE_TESTABILITY = YES;
				GCC_C_LANGUAGE_STANDARD = gnu11;
				GCC_DYNAMIC_NO_PIC = NO;
				GCC_NO_COMMON_BLOCKS = YES;
				GCC_OPTIMIZATION_LEVEL = 0;
				GCC_PREPROCESSOR_DEFINITIONS = (
					"DEBUG=1",
					"$(inherited)",
				);
				GCC_WARN_64_TO_32_BIT_CONVERSION = YES;
				GCC_WARN_ABOUT_RETURN_TYPE = YES_ERROR;
				GCC_WARN_UNDECLARED_SELECTOR = YES;
				GCC_WARN_UNINITIALIZED_AUTOS = YES_AGGRESSIVE;
				GCC_WARN_UNUSED_FUNCTION = YES;
				GCC_WARN_UNUSED_VARIABLE = YES;
				IPHONEOS_DEPLOYMENT_TARGET = 12.1;
				MTL_ENABLE_DEBUG_INFO = INCLUDE_SOURCE;
				MTL_FAST_MATH = YES;
				ONLY_ACTIVE_ARCH = YES;
				SDKROOT = iphoneos;
				SWIFT_ACTIVE_COMPILATION_CONDITIONS = DEBUG;
				SWIFT_OPTIMIZATION_LEVEL = "-Onone";
			};
			name = Debug;
		};
		F1A4F96721AF7D5A0086087B /* Release */ = {
			isa = XCBuildConfiguration;
			buildSettings = {
				ALWAYS_SEARCH_USER_PATHS = NO;
				CLANG_ANALYZER_NONNULL = YES;
				CLANG_ANALYZER_NUMBER_OBJECT_CONVERSION = YES_AGGRESSIVE;
				CLANG_CXX_LANGUAGE_STANDARD = "gnu++14";
				CLANG_CXX_LIBRARY = "libc++";
				CLANG_ENABLE_MODULES = YES;
				CLANG_ENABLE_OBJC_ARC = YES;
				CLANG_ENABLE_OBJC_WEAK = YES;
				CLANG_WARN_BLOCK_CAPTURE_AUTORELEASING = YES;
				CLANG_WARN_BOOL_CONVERSION = YES;
				CLANG_WARN_COMMA = YES;
				CLANG_WARN_CONSTANT_CONVERSION = YES;
				CLANG_WARN_DEPRECATED_OBJC_IMPLEMENTATIONS = YES;
				CLANG_WARN_DIRECT_OBJC_ISA_USAGE = YES_ERROR;
				CLANG_WARN_DOCUMENTATION_COMMENTS = YES;
				CLANG_WARN_EMPTY_BODY = YES;
				CLANG_WARN_ENUM_CONVERSION = YES;
				CLANG_WARN_INFINITE_RECURSION = YES;
				CLANG_WARN_INT_CONVERSION = YES;
				CLANG_WARN_NON_LITERAL_NULL_CONVERSION = YES;
				CLANG_WARN_OBJC_IMPLICIT_RETAIN_SELF = YES;
				CLANG_WARN_OBJC_LITERAL_CONVERSION = YES;
				CLANG_WARN_OBJC_ROOT_CLASS = YES_ERROR;
				CLANG_WARN_RANGE_LOOP_ANALYSIS = YES;
				CLANG_WARN_STRICT_PROTOTYPES = YES;
				CLANG_WARN_SUSPICIOUS_MOVE = YES;
				CLANG_WARN_UNGUARDED_AVAILABILITY = YES_AGGRESSIVE;
				CLANG_WARN_UNREACHABLE_CODE = YES;
				CLANG_WARN__DUPLICATE_METHOD_MATCH = YES;
				CODE_SIGN_IDENTITY = "iPhone Developer";
				COPY_PHASE_STRIP = NO;
				DEBUG_INFORMATION_FORMAT = "dwarf-with-dsym";
				ENABLE_NS_ASSERTIONS = NO;
				ENABLE_STRICT_OBJC_MSGSEND = YES;
				GCC_C_LANGUAGE_STANDARD = gnu11;
				GCC_NO_COMMON_BLOCKS = YES;
				GCC_WARN_64_TO_32_BIT_CONVERSION = YES;
				GCC_WARN_ABOUT_RETURN_TYPE = YES_ERROR;
				GCC_WARN_UNDECLARED_SELECTOR = YES;
				GCC_WARN_UNINITIALIZED_AUTOS = YES_AGGRESSIVE;
				GCC_WARN_UNUSED_FUNCTION = YES;
				GCC_WARN_UNUSED_VARIABLE = YES;
				IPHONEOS_DEPLOYMENT_TARGET = 12.1;
				MTL_ENABLE_DEBUG_INFO = NO;
				MTL_FAST_MATH = YES;
				SDKROOT = iphoneos;
				SWIFT_COMPILATION_MODE = wholemodule;
				SWIFT_OPTIMIZATION_LEVEL = "-O";
				VALIDATE_PRODUCT = YES;
			};
			name = Release;
		};
		F1A4F96921AF7D5A0086087B /* Debug */ = {
			isa = XCBuildConfiguration;
			buildSettings = {
				ASSETCATALOG_COMPILER_APPICON_NAME = AppIcon;
				CODE_SIGN_STYLE = Automatic;
				DEVELOPMENT_TEAM = XXY8NHPRX4;
				INFOPLIST_FILE = "$(SRCROOT)/AR3DInteraction/Resources/Info.plist";
				IPHONEOS_DEPLOYMENT_TARGET = 11.3;
				LD_RUNPATH_SEARCH_PATHS = (
					"$(inherited)",
					"@executable_path/Frameworks",
				);
				PRODUCT_BUNDLE_IDENTIFIER = com.altair.arTest.AR3DInteraction;
				PRODUCT_NAME = "$(TARGET_NAME)";
				SWIFT_VERSION = 4.2;
				TARGETED_DEVICE_FAMILY = "1,2";
			};
			name = Debug;
		};
		F1A4F96A21AF7D5A0086087B /* Release */ = {
			isa = XCBuildConfiguration;
			buildSettings = {
				ASSETCATALOG_COMPILER_APPICON_NAME = AppIcon;
				CODE_SIGN_STYLE = Automatic;
				DEVELOPMENT_TEAM = XXY8NHPRX4;
				INFOPLIST_FILE = "$(SRCROOT)/AR3DInteraction/Resources/Info.plist";
				IPHONEOS_DEPLOYMENT_TARGET = 11.3;
				LD_RUNPATH_SEARCH_PATHS = (
					"$(inherited)",
					"@executable_path/Frameworks",
				);
				PRODUCT_BUNDLE_IDENTIFIER = com.altair.arTest.AR3DInteraction;
				PRODUCT_NAME = "$(TARGET_NAME)";
				SWIFT_VERSION = 4.2;
				TARGETED_DEVICE_FAMILY = "1,2";
			};
			name = Release;
		};
/* End XCBuildConfiguration section */

/* Begin XCConfigurationList section */
		F1A4F94F21AF7D590086087B /* Build configuration list for PBXProject "AR3DInteraction" */ = {
			isa = XCConfigurationList;
			buildConfigurations = (
				F1A4F96621AF7D5A0086087B /* Debug */,
				F1A4F96721AF7D5A0086087B /* Release */,
			);
			defaultConfigurationIsVisible = 0;
			defaultConfigurationName = Release;
		};
		F1A4F96821AF7D5A0086087B /* Build configuration list for PBXNativeTarget "AR3DInteraction" */ = {
			isa = XCConfigurationList;
			buildConfigurations = (
				F1A4F96921AF7D5A0086087B /* Debug */,
				F1A4F96A21AF7D5A0086087B /* Release */,
			);
			defaultConfigurationIsVisible = 0;
			defaultConfigurationName = Release;
		};
/* End XCConfigurationList section */
	};
	rootObject = F1A4F94C21AF7D590086087B /* Project object */;
}
